// !$*UTF8*$!
{
	archiveVersion = 1;
	classes = {
	};
	objectVersion = 56;
	objects = {

/* Begin PBXBuildFile section */
		F443AD5F2B56A08B00DDF825 /* MyAccountTableViewCell.swift in Sources */ = {isa = PBXBuildFile; fileRef = F443AD5E2B56A08B00DDF825 /* MyAccountTableViewCell.swift */; };
		F443AD612B56A15700DDF825 /* VideoListNetworkService.swift in Sources */ = {isa = PBXBuildFile; fileRef = F443AD602B56A15700DDF825 /* VideoListNetworkService.swift */; };
		F443AD872B57EAD300DDF825 /* Localizable.xcstrings in Resources */ = {isa = PBXBuildFile; fileRef = F443AD862B57EAD300DDF825 /* Localizable.xcstrings */; };
		F443AD952B58457C00DDF825 /* LoginViewControllerTests.swift in Sources */ = {isa = PBXBuildFile; fileRef = F443AD942B58457C00DDF825 /* LoginViewControllerTests.swift */; };
		F443AD972B58478500DDF825 /* MockNavigationController.swift in Sources */ = {isa = PBXBuildFile; fileRef = F443AD962B58478500DDF825 /* MockNavigationController.swift */; };
		F45447752B5BB7E60082A50D /* AccountsDetailViewController.swift in Sources */ = {isa = PBXBuildFile; fileRef = F45447742B5BB7E60082A50D /* AccountsDetailViewController.swift */; };
		F45447772B5BBCFA0082A50D /* DeviceDetailsViewController.swift in Sources */ = {isa = PBXBuildFile; fileRef = F45447762B5BBCF90082A50D /* DeviceDetailsViewController.swift */; };
		F45447792B5BBFC30082A50D /* DeviceDetailsTableViewCell.swift in Sources */ = {isa = PBXBuildFile; fileRef = F45447782B5BBFC30082A50D /* DeviceDetailsTableViewCell.swift */; };
		F454477C2B5CEFF80082A50D /* HomeCollectionViewCell.swift in Sources */ = {isa = PBXBuildFile; fileRef = F454477A2B5CEFF80082A50D /* HomeCollectionViewCell.swift */; };
		F454477D2B5CEFF80082A50D /* HomeCollectionViewCell.xib in Resources */ = {isa = PBXBuildFile; fileRef = F454477B2B5CEFF80082A50D /* HomeCollectionViewCell.xib */; };
		F454477F2B5CFF2E0082A50D /* FB-Info.plist in Resources */ = {isa = PBXBuildFile; fileRef = F454477E2B5CFF2E0082A50D /* FB-Info.plist */; };
		F45447812B5CFF450082A50D /* VideoDetails.swift in Sources */ = {isa = PBXBuildFile; fileRef = F45447802B5CFF450082A50D /* VideoDetails.swift */; };
		F45447832B5D02050082A50D /* RestAPI.swift in Sources */ = {isa = PBXBuildFile; fileRef = F45447822B5D02050082A50D /* RestAPI.swift */; };
		F45447992B5D9ADA0082A50D /* HomeCollectionViewCellTests.swift in Sources */ = {isa = PBXBuildFile; fileRef = F45447982B5D9ADA0082A50D /* HomeCollectionViewCellTests.swift */; };
		F45EB8AD2B5E43B2004C0564 /* VideoDetailsTests.swift in Sources */ = {isa = PBXBuildFile; fileRef = F45EB8AC2B5E43B2004C0564 /* VideoDetailsTests.swift */; };
		F45EB8AF2B5E452D004C0564 /* RestAPITests.swift in Sources */ = {isa = PBXBuildFile; fileRef = F45EB8AE2B5E452D004C0564 /* RestAPITests.swift */; };
		F45EB8B12B5E4602004C0564 /* FB-Info.plist in Resources */ = {isa = PBXBuildFile; fileRef = F45EB8B02B5E4602004C0564 /* FB-Info.plist */; };
		F45EB8B32B5E4AFF004C0564 /* VideoListNetworkServiceTests.swift in Sources */ = {isa = PBXBuildFile; fileRef = F45EB8B22B5E4AFF004C0564 /* VideoListNetworkServiceTests.swift */; };
		F45EB8B52B5EC1F4004C0564 /* MockURLSession.swift in Sources */ = {isa = PBXBuildFile; fileRef = F45EB8B42B5EC1F4004C0564 /* MockURLSession.swift */; };
		F486A4B82B31692200E324AF /* HomeViewController.swift in Sources */ = {isa = PBXBuildFile; fileRef = F486A4B72B31692200E324AF /* HomeViewController.swift */; };
		F486A4BA2B32AE1900E324AF /* MyAccountViewController.swift in Sources */ = {isa = PBXBuildFile; fileRef = F486A4B92B32AE1900E324AF /* MyAccountViewController.swift */; };
		F4BB0DD92B5EFB390001B988 /* HomeViewControllerTests.swift in Sources */ = {isa = PBXBuildFile; fileRef = F4BB0DD82B5EFB390001B988 /* HomeViewControllerTests.swift */; };
		F4DB08F42AE7B14600C4CA36 /* AppDelegate.swift in Sources */ = {isa = PBXBuildFile; fileRef = F4DB08F32AE7B14600C4CA36 /* AppDelegate.swift */; };
		F4DB08F62AE7B14600C4CA36 /* SceneDelegate.swift in Sources */ = {isa = PBXBuildFile; fileRef = F4DB08F52AE7B14600C4CA36 /* SceneDelegate.swift */; };
		F4DB08F82AE7B14600C4CA36 /* LoginViewController.swift in Sources */ = {isa = PBXBuildFile; fileRef = F4DB08F72AE7B14600C4CA36 /* LoginViewController.swift */; };
		F4DB08FB2AE7B14600C4CA36 /* Main.storyboard in Resources */ = {isa = PBXBuildFile; fileRef = F4DB08F92AE7B14600C4CA36 /* Main.storyboard */; };
		F4DB08FD2AE7B14900C4CA36 /* Assets.xcassets in Resources */ = {isa = PBXBuildFile; fileRef = F4DB08FC2AE7B14900C4CA36 /* Assets.xcassets */; };
		F4DB09002AE7B14900C4CA36 /* LaunchScreen.storyboard in Resources */ = {isa = PBXBuildFile; fileRef = F4DB08FE2AE7B14900C4CA36 /* LaunchScreen.storyboard */; };
		F4DB09152AE7B14A00C4CA36 /* MyTVUITests.swift in Sources */ = {isa = PBXBuildFile; fileRef = F4DB09142AE7B14A00C4CA36 /* MyTVUITests.swift */; };
		F4DB09172AE7B14A00C4CA36 /* MyTVUITestsLaunchTests.swift in Sources */ = {isa = PBXBuildFile; fileRef = F4DB09162AE7B14A00C4CA36 /* MyTVUITestsLaunchTests.swift */; };
/* End PBXBuildFile section */

/* Begin PBXContainerItemProxy section */
		F4DB09072AE7B14A00C4CA36 /* PBXContainerItemProxy */ = {
			isa = PBXContainerItemProxy;
			containerPortal = F4DB08E82AE7B14600C4CA36 /* Project object */;
			proxyType = 1;
			remoteGlobalIDString = F4DB08EF2AE7B14600C4CA36;
			remoteInfo = MyTV;
		};
		F4DB09112AE7B14A00C4CA36 /* PBXContainerItemProxy */ = {
			isa = PBXContainerItemProxy;
			containerPortal = F4DB08E82AE7B14600C4CA36 /* Project object */;
			proxyType = 1;
			remoteGlobalIDString = F4DB08EF2AE7B14600C4CA36;
			remoteInfo = MyTV;
		};
/* End PBXContainerItemProxy section */

/* Begin PBXFileReference section */
		F443AD5E2B56A08B00DDF825 /* MyAccountTableViewCell.swift */ = {isa = PBXFileReference; lastKnownFileType = sourcecode.swift; path = MyAccountTableViewCell.swift; sourceTree = "<group>"; };
		F443AD602B56A15700DDF825 /* VideoListNetworkService.swift */ = {isa = PBXFileReference; lastKnownFileType = sourcecode.swift; path = VideoListNetworkService.swift; sourceTree = "<group>"; };
		F443AD862B57EAD300DDF825 /* Localizable.xcstrings */ = {isa = PBXFileReference; lastKnownFileType = text.json.xcstrings; path = Localizable.xcstrings; sourceTree = "<group>"; };
		F443AD942B58457C00DDF825 /* LoginViewControllerTests.swift */ = {isa = PBXFileReference; lastKnownFileType = sourcecode.swift; path = LoginViewControllerTests.swift; sourceTree = "<group>"; };
		F443AD962B58478500DDF825 /* MockNavigationController.swift */ = {isa = PBXFileReference; lastKnownFileType = sourcecode.swift; path = MockNavigationController.swift; sourceTree = "<group>"; };
		F45447742B5BB7E60082A50D /* AccountsDetailViewController.swift */ = {isa = PBXFileReference; lastKnownFileType = sourcecode.swift; path = AccountsDetailViewController.swift; sourceTree = "<group>"; };
		F45447762B5BBCF90082A50D /* DeviceDetailsViewController.swift */ = {isa = PBXFileReference; lastKnownFileType = sourcecode.swift; path = DeviceDetailsViewController.swift; sourceTree = "<group>"; };
		F45447782B5BBFC30082A50D /* DeviceDetailsTableViewCell.swift */ = {isa = PBXFileReference; lastKnownFileType = sourcecode.swift; path = DeviceDetailsTableViewCell.swift; sourceTree = "<group>"; };
		F454477A2B5CEFF80082A50D /* HomeCollectionViewCell.swift */ = {isa = PBXFileReference; lastKnownFileType = sourcecode.swift; path = HomeCollectionViewCell.swift; sourceTree = "<group>"; };
		F454477B2B5CEFF80082A50D /* HomeCollectionViewCell.xib */ = {isa = PBXFileReference; lastKnownFileType = file.xib; path = HomeCollectionViewCell.xib; sourceTree = "<group>"; };
		F454477E2B5CFF2E0082A50D /* FB-Info.plist */ = {isa = PBXFileReference; lastKnownFileType = text.plist.xml; path = "FB-Info.plist"; sourceTree = "<group>"; };
		F45447802B5CFF450082A50D /* VideoDetails.swift */ = {isa = PBXFileReference; lastKnownFileType = sourcecode.swift; path = VideoDetails.swift; sourceTree = "<group>"; };
		F45447822B5D02050082A50D /* RestAPI.swift */ = {isa = PBXFileReference; lastKnownFileType = sourcecode.swift; path = RestAPI.swift; sourceTree = "<group>"; };
		F45447982B5D9ADA0082A50D /* HomeCollectionViewCellTests.swift */ = {isa = PBXFileReference; lastKnownFileType = sourcecode.swift; path = HomeCollectionViewCellTests.swift; sourceTree = "<group>"; };
		F45EB8AC2B5E43B2004C0564 /* VideoDetailsTests.swift */ = {isa = PBXFileReference; lastKnownFileType = sourcecode.swift; path = VideoDetailsTests.swift; sourceTree = "<group>"; };
		F45EB8AE2B5E452D004C0564 /* RestAPITests.swift */ = {isa = PBXFileReference; lastKnownFileType = sourcecode.swift; path = RestAPITests.swift; sourceTree = "<group>"; };
		F45EB8B02B5E4602004C0564 /* FB-Info.plist */ = {isa = PBXFileReference; lastKnownFileType = text.plist.xml; path = "FB-Info.plist"; sourceTree = "<group>"; };
		F45EB8B22B5E4AFF004C0564 /* VideoListNetworkServiceTests.swift */ = {isa = PBXFileReference; lastKnownFileType = sourcecode.swift; path = VideoListNetworkServiceTests.swift; sourceTree = "<group>"; };
		F45EB8B42B5EC1F4004C0564 /* MockURLSession.swift */ = {isa = PBXFileReference; lastKnownFileType = sourcecode.swift; path = MockURLSession.swift; sourceTree = "<group>"; };
		F486A4B72B31692200E324AF /* HomeViewController.swift */ = {isa = PBXFileReference; lastKnownFileType = sourcecode.swift; path = HomeViewController.swift; sourceTree = "<group>"; };
		F486A4B92B32AE1900E324AF /* MyAccountViewController.swift */ = {isa = PBXFileReference; lastKnownFileType = sourcecode.swift; path = MyAccountViewController.swift; sourceTree = "<group>"; };
		F4BB0DD82B5EFB390001B988 /* HomeViewControllerTests.swift */ = {isa = PBXFileReference; lastKnownFileType = sourcecode.swift; path = HomeViewControllerTests.swift; sourceTree = "<group>"; };
		F4CB1F912AE8CE0D00F0C00E /* Base */ = {isa = PBXFileReference; lastKnownFileType = file.storyboard; name = Base; path = Base.lproj/Main.storyboard; sourceTree = "<group>"; };
		F4CB1F922AE8CE1400F0C00E /* en */ = {isa = PBXFileReference; lastKnownFileType = text.plist.strings; name = en; path = en.lproj/Main.strings; sourceTree = "<group>"; };
		F4CB1F9C2AE8CEE300F0C00E /* hi */ = {isa = PBXFileReference; lastKnownFileType = text.plist.strings; name = hi; path = hi.lproj/Main.strings; sourceTree = "<group>"; };
		F4DB08F02AE7B14600C4CA36 /* MyTV.app */ = {isa = PBXFileReference; explicitFileType = wrapper.application; includeInIndex = 0; path = MyTV.app; sourceTree = BUILT_PRODUCTS_DIR; };
		F4DB08F32AE7B14600C4CA36 /* AppDelegate.swift */ = {isa = PBXFileReference; lastKnownFileType = sourcecode.swift; path = AppDelegate.swift; sourceTree = "<group>"; };
		F4DB08F52AE7B14600C4CA36 /* SceneDelegate.swift */ = {isa = PBXFileReference; lastKnownFileType = sourcecode.swift; path = SceneDelegate.swift; sourceTree = "<group>"; };
		F4DB08F72AE7B14600C4CA36 /* LoginViewController.swift */ = {isa = PBXFileReference; lastKnownFileType = sourcecode.swift; path = LoginViewController.swift; sourceTree = "<group>"; };
		F4DB08FC2AE7B14900C4CA36 /* Assets.xcassets */ = {isa = PBXFileReference; lastKnownFileType = folder.assetcatalog; path = Assets.xcassets; sourceTree = "<group>"; };
		F4DB08FF2AE7B14900C4CA36 /* Base */ = {isa = PBXFileReference; lastKnownFileType = file.storyboard; name = Base; path = Base.lproj/LaunchScreen.storyboard; sourceTree = "<group>"; };
		F4DB09012AE7B14900C4CA36 /* Info.plist */ = {isa = PBXFileReference; lastKnownFileType = text.plist.xml; path = Info.plist; sourceTree = "<group>"; };
		F4DB09062AE7B14A00C4CA36 /* MyTVTests.xctest */ = {isa = PBXFileReference; explicitFileType = wrapper.cfbundle; includeInIndex = 0; path = MyTVTests.xctest; sourceTree = BUILT_PRODUCTS_DIR; };
		F4DB09102AE7B14A00C4CA36 /* MyTVUITests.xctest */ = {isa = PBXFileReference; explicitFileType = wrapper.cfbundle; includeInIndex = 0; path = MyTVUITests.xctest; sourceTree = BUILT_PRODUCTS_DIR; };
		F4DB09142AE7B14A00C4CA36 /* MyTVUITests.swift */ = {isa = PBXFileReference; lastKnownFileType = sourcecode.swift; path = MyTVUITests.swift; sourceTree = "<group>"; };
		F4DB09162AE7B14A00C4CA36 /* MyTVUITestsLaunchTests.swift */ = {isa = PBXFileReference; lastKnownFileType = sourcecode.swift; path = MyTVUITestsLaunchTests.swift; sourceTree = "<group>"; };
/* End PBXFileReference section */

/* Begin PBXFrameworksBuildPhase section */
		F4DB08ED2AE7B14600C4CA36 /* Frameworks */ = {
			isa = PBXFrameworksBuildPhase;
			buildActionMask = 2147483647;
			files = (
			);
			runOnlyForDeploymentPostprocessing = 0;
		};
		F4DB09032AE7B14A00C4CA36 /* Frameworks */ = {
			isa = PBXFrameworksBuildPhase;
			buildActionMask = 2147483647;
			files = (
			);
			runOnlyForDeploymentPostprocessing = 0;
		};
		F4DB090D2AE7B14A00C4CA36 /* Frameworks */ = {
			isa = PBXFrameworksBuildPhase;
			buildActionMask = 2147483647;
			files = (
			);
			runOnlyForDeploymentPostprocessing = 0;
		};
/* End PBXFrameworksBuildPhase section */

/* Begin PBXGroup section */
		F45447672B5A99310082A50D /* MyAccountsTab */ = {
			isa = PBXGroup;
			children = (
				F486A4B92B32AE1900E324AF /* MyAccountViewController.swift */,
				F443AD5E2B56A08B00DDF825 /* MyAccountTableViewCell.swift */,
				F45447742B5BB7E60082A50D /* AccountsDetailViewController.swift */,
				F45447762B5BBCF90082A50D /* DeviceDetailsViewController.swift */,
				F45447782B5BBFC30082A50D /* DeviceDetailsTableViewCell.swift */,
			);
			path = MyAccountsTab;
			sourceTree = "<group>";
		};
		F45447722B5A99F40082A50D /* MyTvViewsAndAssets */ = {
			isa = PBXGroup;
			children = (
				F4DB08F92AE7B14600C4CA36 /* Main.storyboard */,
				F4DB08FC2AE7B14900C4CA36 /* Assets.xcassets */,
				F4DB08FE2AE7B14900C4CA36 /* LaunchScreen.storyboard */,
				F443AD862B57EAD300DDF825 /* Localizable.xcstrings */,
			);
			path = MyTvViewsAndAssets;
			sourceTree = "<group>";
		};
		F45447732B5A9A710082A50D /* HomeTab */ = {
			isa = PBXGroup;
			children = (
				F486A4B72B31692200E324AF /* HomeViewController.swift */,
				F454477A2B5CEFF80082A50D /* HomeCollectionViewCell.swift */,
				F443AD602B56A15700DDF825 /* VideoListNetworkService.swift */,
				F454477B2B5CEFF80082A50D /* HomeCollectionViewCell.xib */,
				F454477E2B5CFF2E0082A50D /* FB-Info.plist */,
				F45447802B5CFF450082A50D /* VideoDetails.swift */,
				F45447822B5D02050082A50D /* RestAPI.swift */,
			);
			path = HomeTab;
			sourceTree = "<group>";
		};
		F45447962B5D9A620082A50D /* HomeTab */ = {
			isa = PBXGroup;
			children = (
				F4BB0DD82B5EFB390001B988 /* HomeViewControllerTests.swift */,
				F45447982B5D9ADA0082A50D /* HomeCollectionViewCellTests.swift */,
				F45EB8B22B5E4AFF004C0564 /* VideoListNetworkServiceTests.swift */,
				F45EB8B42B5EC1F4004C0564 /* MockURLSession.swift */,
				F45EB8AC2B5E43B2004C0564 /* VideoDetailsTests.swift */,
				F45EB8AE2B5E452D004C0564 /* RestAPITests.swift */,
				F45EB8B02B5E4602004C0564 /* FB-Info.plist */,
			);
			path = HomeTab;
			sourceTree = "<group>";
		};
		F45447972B5D9A750082A50D /* AuthenticationScreens */ = {
			isa = PBXGroup;
			children = (
				F443AD942B58457C00DDF825 /* LoginViewControllerTests.swift */,
				F443AD962B58478500DDF825 /* MockNavigationController.swift */,
			);
			path = AuthenticationScreens;
			sourceTree = "<group>";
		};
		F4DB08E72AE7B14600C4CA36 = {
			isa = PBXGroup;
			children = (
				F4DB08F22AE7B14600C4CA36 /* MyTV */,
				F4DB09092AE7B14A00C4CA36 /* MyTVTests */,
				F4DB09132AE7B14A00C4CA36 /* MyTVUITests */,
				F4DB08F12AE7B14600C4CA36 /* Products */,
			);
			sourceTree = "<group>";
		};
		F4DB08F12AE7B14600C4CA36 /* Products */ = {
			isa = PBXGroup;
			children = (
				F4DB08F02AE7B14600C4CA36 /* MyTV.app */,
				F4DB09062AE7B14A00C4CA36 /* MyTVTests.xctest */,
				F4DB09102AE7B14A00C4CA36 /* MyTVUITests.xctest */,
			);
			name = Products;
			sourceTree = "<group>";
		};
		F4DB08F22AE7B14600C4CA36 /* MyTV */ = {
			isa = PBXGroup;
			children = (
				F4DB08F32AE7B14600C4CA36 /* AppDelegate.swift */,
				F4DB08F52AE7B14600C4CA36 /* SceneDelegate.swift */,
				F4DB08F72AE7B14600C4CA36 /* LoginViewController.swift */,
				F4DB09012AE7B14900C4CA36 /* Info.plist */,
				F45447722B5A99F40082A50D /* MyTvViewsAndAssets */,
				F45447732B5A9A710082A50D /* HomeTab */,
				F45447672B5A99310082A50D /* MyAccountsTab */,
			);
			path = MyTV;
			sourceTree = "<group>";
		};
		F4DB09092AE7B14A00C4CA36 /* MyTVTests */ = {
			isa = PBXGroup;
			children = (
				F45447972B5D9A750082A50D /* AuthenticationScreens */,
				F45447962B5D9A620082A50D /* HomeTab */,
			);
			path = MyTVTests;
			sourceTree = "<group>";
		};
		F4DB09132AE7B14A00C4CA36 /* MyTVUITests */ = {
			isa = PBXGroup;
			children = (
				F4DB09142AE7B14A00C4CA36 /* MyTVUITests.swift */,
				F4DB09162AE7B14A00C4CA36 /* MyTVUITestsLaunchTests.swift */,
			);
			path = MyTVUITests;
			sourceTree = "<group>";
		};
/* End PBXGroup section */

/* Begin PBXNativeTarget section */
		F4DB08EF2AE7B14600C4CA36 /* MyTV */ = {
			isa = PBXNativeTarget;
			buildConfigurationList = F4DB091A2AE7B14A00C4CA36 /* Build configuration list for PBXNativeTarget "MyTV" */;
			buildPhases = (
				F4DB08EC2AE7B14600C4CA36 /* Sources */,
				F4DB08ED2AE7B14600C4CA36 /* Frameworks */,
				F4DB08EE2AE7B14600C4CA36 /* Resources */,
			);
			buildRules = (
			);
			dependencies = (
			);
			name = MyTV;
			productName = MyTV;
			productReference = F4DB08F02AE7B14600C4CA36 /* MyTV.app */;
			productType = "com.apple.product-type.application";
		};
		F4DB09052AE7B14A00C4CA36 /* MyTVTests */ = {
			isa = PBXNativeTarget;
			buildConfigurationList = F4DB091D2AE7B14A00C4CA36 /* Build configuration list for PBXNativeTarget "MyTVTests" */;
			buildPhases = (
				F4DB09022AE7B14A00C4CA36 /* Sources */,
				F4DB09032AE7B14A00C4CA36 /* Frameworks */,
				F4DB09042AE7B14A00C4CA36 /* Resources */,
			);
			buildRules = (
			);
			dependencies = (
				F4DB09082AE7B14A00C4CA36 /* PBXTargetDependency */,
			);
			name = MyTVTests;
			productName = MyTVTests;
			productReference = F4DB09062AE7B14A00C4CA36 /* MyTVTests.xctest */;
			productType = "com.apple.product-type.bundle.unit-test";
		};
		F4DB090F2AE7B14A00C4CA36 /* MyTVUITests */ = {
			isa = PBXNativeTarget;
			buildConfigurationList = F4DB09202AE7B14A00C4CA36 /* Build configuration list for PBXNativeTarget "MyTVUITests" */;
			buildPhases = (
				F4DB090C2AE7B14A00C4CA36 /* Sources */,
				F4DB090D2AE7B14A00C4CA36 /* Frameworks */,
				F4DB090E2AE7B14A00C4CA36 /* Resources */,
			);
			buildRules = (
			);
			dependencies = (
				F4DB09122AE7B14A00C4CA36 /* PBXTargetDependency */,
			);
			name = MyTVUITests;
			productName = MyTVUITests;
			productReference = F4DB09102AE7B14A00C4CA36 /* MyTVUITests.xctest */;
			productType = "com.apple.product-type.bundle.ui-testing";
		};
/* End PBXNativeTarget section */

/* Begin PBXProject section */
		F4DB08E82AE7B14600C4CA36 /* Project object */ = {
			isa = PBXProject;
			attributes = {
				BuildIndependentTargetsInParallel = 1;
				LastSwiftUpdateCheck = 1500;
				LastUpgradeCheck = 1500;
				TargetAttributes = {
					F4DB08EF2AE7B14600C4CA36 = {
						CreatedOnToolsVersion = 15.0;
					};
					F4DB09052AE7B14A00C4CA36 = {
						CreatedOnToolsVersion = 15.0;
						TestTargetID = F4DB08EF2AE7B14600C4CA36;
					};
					F4DB090F2AE7B14A00C4CA36 = {
						CreatedOnToolsVersion = 15.0;
						TestTargetID = F4DB08EF2AE7B14600C4CA36;
					};
				};
			};
			buildConfigurationList = F4DB08EB2AE7B14600C4CA36 /* Build configuration list for PBXProject "MyTV" */;
			compatibilityVersion = "Xcode 14.0";
			developmentRegion = en;
			hasScannedForEncodings = 0;
			knownRegions = (
				en,
				Base,
				hi,
			);
			mainGroup = F4DB08E72AE7B14600C4CA36;
			productRefGroup = F4DB08F12AE7B14600C4CA36 /* Products */;
			projectDirPath = "";
			projectRoot = "";
			targets = (
				F4DB08EF2AE7B14600C4CA36 /* MyTV */,
				F4DB09052AE7B14A00C4CA36 /* MyTVTests */,
				F4DB090F2AE7B14A00C4CA36 /* MyTVUITests */,
			);
		};
/* End PBXProject section */

/* Begin PBXResourcesBuildPhase section */
		F4DB08EE2AE7B14600C4CA36 /* Resources */ = {
			isa = PBXResourcesBuildPhase;
			buildActionMask = 2147483647;
			files = (
				F454477D2B5CEFF80082A50D /* HomeCollectionViewCell.xib in Resources */,
				F4DB09002AE7B14900C4CA36 /* LaunchScreen.storyboard in Resources */,
				F454477F2B5CFF2E0082A50D /* FB-Info.plist in Resources */,
				F4DB08FD2AE7B14900C4CA36 /* Assets.xcassets in Resources */,
				F4DB08FB2AE7B14600C4CA36 /* Main.storyboard in Resources */,
				F443AD872B57EAD300DDF825 /* Localizable.xcstrings in Resources */,
			);
			runOnlyForDeploymentPostprocessing = 0;
		};
		F4DB09042AE7B14A00C4CA36 /* Resources */ = {
			isa = PBXResourcesBuildPhase;
			buildActionMask = 2147483647;
			files = (
				F45EB8B12B5E4602004C0564 /* FB-Info.plist in Resources */,
			);
			runOnlyForDeploymentPostprocessing = 0;
		};
		F4DB090E2AE7B14A00C4CA36 /* Resources */ = {
			isa = PBXResourcesBuildPhase;
			buildActionMask = 2147483647;
			files = (
			);
			runOnlyForDeploymentPostprocessing = 0;
		};
/* End PBXResourcesBuildPhase section */

/* Begin PBXSourcesBuildPhase section */
		F4DB08EC2AE7B14600C4CA36 /* Sources */ = {
			isa = PBXSourcesBuildPhase;
			buildActionMask = 2147483647;
			files = (
				F4DB08F82AE7B14600C4CA36 /* LoginViewController.swift in Sources */,
				F443AD5F2B56A08B00DDF825 /* MyAccountTableViewCell.swift in Sources */,
				F4DB08F42AE7B14600C4CA36 /* AppDelegate.swift in Sources */,
				F45447772B5BBCFA0082A50D /* DeviceDetailsViewController.swift in Sources */,
				F45447752B5BB7E60082A50D /* AccountsDetailViewController.swift in Sources */,
				F486A4BA2B32AE1900E324AF /* MyAccountViewController.swift in Sources */,
				F45447812B5CFF450082A50D /* VideoDetails.swift in Sources */,
				F454477C2B5CEFF80082A50D /* HomeCollectionViewCell.swift in Sources */,
				F4DB08F62AE7B14600C4CA36 /* SceneDelegate.swift in Sources */,
				F443AD612B56A15700DDF825 /* VideoListNetworkService.swift in Sources */,
				F45447832B5D02050082A50D /* RestAPI.swift in Sources */,
				F45447792B5BBFC30082A50D /* DeviceDetailsTableViewCell.swift in Sources */,
				F486A4B82B31692200E324AF /* HomeViewController.swift in Sources */,
			);
			runOnlyForDeploymentPostprocessing = 0;
		};
		F4DB09022AE7B14A00C4CA36 /* Sources */ = {
			isa = PBXSourcesBuildPhase;
			buildActionMask = 2147483647;
			files = (
				F45EB8AF2B5E452D004C0564 /* RestAPITests.swift in Sources */,
				F443AD952B58457C00DDF825 /* LoginViewControllerTests.swift in Sources */,
				F45EB8B32B5E4AFF004C0564 /* VideoListNetworkServiceTests.swift in Sources */,
				F4BB0DD92B5EFB390001B988 /* HomeViewControllerTests.swift in Sources */,
				F443AD972B58478500DDF825 /* MockNavigationController.swift in Sources */,
				F45EB8B52B5EC1F4004C0564 /* MockURLSession.swift in Sources */,
				F45EB8AD2B5E43B2004C0564 /* VideoDetailsTests.swift in Sources */,
				F45447992B5D9ADA0082A50D /* HomeCollectionViewCellTests.swift in Sources */,
			);
			runOnlyForDeploymentPostprocessing = 0;
		};
		F4DB090C2AE7B14A00C4CA36 /* Sources */ = {
			isa = PBXSourcesBuildPhase;
			buildActionMask = 2147483647;
			files = (
				F4DB09172AE7B14A00C4CA36 /* MyTVUITestsLaunchTests.swift in Sources */,
				F4DB09152AE7B14A00C4CA36 /* MyTVUITests.swift in Sources */,
			);
			runOnlyForDeploymentPostprocessing = 0;
		};
/* End PBXSourcesBuildPhase section */

/* Begin PBXTargetDependency section */
		F4DB09082AE7B14A00C4CA36 /* PBXTargetDependency */ = {
			isa = PBXTargetDependency;
			target = F4DB08EF2AE7B14600C4CA36 /* MyTV */;
			targetProxy = F4DB09072AE7B14A00C4CA36 /* PBXContainerItemProxy */;
		};
		F4DB09122AE7B14A00C4CA36 /* PBXTargetDependency */ = {
			isa = PBXTargetDependency;
			target = F4DB08EF2AE7B14600C4CA36 /* MyTV */;
			targetProxy = F4DB09112AE7B14A00C4CA36 /* PBXContainerItemProxy */;
		};
/* End PBXTargetDependency section */

/* Begin PBXVariantGroup section */
		F4DB08F92AE7B14600C4CA36 /* Main.storyboard */ = {
			isa = PBXVariantGroup;
			children = (
				F4CB1F912AE8CE0D00F0C00E /* Base */,
				F4CB1F922AE8CE1400F0C00E /* en */,
				F4CB1F9C2AE8CEE300F0C00E /* hi */,
			);
			name = Main.storyboard;
			sourceTree = "<group>";
		};
		F4DB08FE2AE7B14900C4CA36 /* LaunchScreen.storyboard */ = {
			isa = PBXVariantGroup;
			children = (
				F4DB08FF2AE7B14900C4CA36 /* Base */,
			);
			name = LaunchScreen.storyboard;
			sourceTree = "<group>";
		};
/* End PBXVariantGroup section */

/* Begin XCBuildConfiguration section */
		F4DB09182AE7B14A00C4CA36 /* Debug */ = {
			isa = XCBuildConfiguration;
			buildSettings = {
				ALWAYS_SEARCH_USER_PATHS = NO;
				ASSETCATALOG_COMPILER_GENERATE_SWIFT_ASSET_SYMBOL_EXTENSIONS = YES;
				CLANG_ANALYZER_LOCALIZABILITY_NONLOCALIZED = YES;
				CLANG_ANALYZER_NONNULL = YES;
				CLANG_ANALYZER_NUMBER_OBJECT_CONVERSION = YES_AGGRESSIVE;
				CLANG_CXX_LANGUAGE_STANDARD = "gnu++20";
				CLANG_ENABLE_MODULES = YES;
				CLANG_ENABLE_OBJC_ARC = YES;
				CLANG_ENABLE_OBJC_WEAK = YES;
				CLANG_WARN_BLOCK_CAPTURE_AUTORELEASING = YES;
				CLANG_WARN_BOOL_CONVERSION = YES;
				CLANG_WARN_COMMA = YES;
				CLANG_WARN_CONSTANT_CONVERSION = YES;
				CLANG_WARN_DEPRECATED_OBJC_IMPLEMENTATIONS = YES;
				CLANG_WARN_DIRECT_OBJC_ISA_USAGE = YES_ERROR;
				CLANG_WARN_DOCUMENTATION_COMMENTS = YES;
				CLANG_WARN_EMPTY_BODY = YES;
				CLANG_WARN_ENUM_CONVERSION = YES;
				CLANG_WARN_INFINITE_RECURSION = YES;
				CLANG_WARN_INT_CONVERSION = YES;
				CLANG_WARN_NON_LITERAL_NULL_CONVERSION = YES;
				CLANG_WARN_OBJC_IMPLICIT_RETAIN_SELF = YES;
				CLANG_WARN_OBJC_LITERAL_CONVERSION = YES;
				CLANG_WARN_OBJC_ROOT_CLASS = YES_ERROR;
				CLANG_WARN_QUOTED_INCLUDE_IN_FRAMEWORK_HEADER = YES;
				CLANG_WARN_RANGE_LOOP_ANALYSIS = YES;
				CLANG_WARN_STRICT_PROTOTYPES = YES;
				CLANG_WARN_SUSPICIOUS_MOVE = YES;
				CLANG_WARN_UNGUARDED_AVAILABILITY = YES_AGGRESSIVE;
				CLANG_WARN_UNREACHABLE_CODE = YES;
				CLANG_WARN__DUPLICATE_METHOD_MATCH = YES;
				COPY_PHASE_STRIP = NO;
				DEBUG_INFORMATION_FORMAT = dwarf;
				ENABLE_STRICT_OBJC_MSGSEND = YES;
				ENABLE_TESTABILITY = YES;
				ENABLE_USER_SCRIPT_SANDBOXING = YES;
				GCC_C_LANGUAGE_STANDARD = gnu17;
				GCC_DYNAMIC_NO_PIC = NO;
				GCC_NO_COMMON_BLOCKS = YES;
				GCC_OPTIMIZATION_LEVEL = 0;
				GCC_PREPROCESSOR_DEFINITIONS = (
					"DEBUG=1",
					"$(inherited)",
				);
				GCC_WARN_64_TO_32_BIT_CONVERSION = YES;
				GCC_WARN_ABOUT_RETURN_TYPE = YES_ERROR;
				GCC_WARN_UNDECLARED_SELECTOR = YES;
				GCC_WARN_UNINITIALIZED_AUTOS = YES_AGGRESSIVE;
				GCC_WARN_UNUSED_FUNCTION = YES;
				GCC_WARN_UNUSED_VARIABLE = YES;
				IPHONEOS_DEPLOYMENT_TARGET = 17.0;
				LOCALIZATION_PREFERS_STRING_CATALOGS = YES;
				MTL_ENABLE_DEBUG_INFO = INCLUDE_SOURCE;
				MTL_FAST_MATH = YES;
				ONLY_ACTIVE_ARCH = YES;
				SDKROOT = iphoneos;
				SWIFT_ACTIVE_COMPILATION_CONDITIONS = "DEBUG $(inherited)";
				SWIFT_OPTIMIZATION_LEVEL = "-Onone";
			};
			name = Debug;
		};
		F4DB09192AE7B14A00C4CA36 /* Release */ = {
			isa = XCBuildConfiguration;
			buildSettings = {
				ALWAYS_SEARCH_USER_PATHS = NO;
				ASSETCATALOG_COMPILER_GENERATE_SWIFT_ASSET_SYMBOL_EXTENSIONS = YES;
				CLANG_ANALYZER_LOCALIZABILITY_NONLOCALIZED = YES;
				CLANG_ANALYZER_NONNULL = YES;
				CLANG_ANALYZER_NUMBER_OBJECT_CONVERSION = YES_AGGRESSIVE;
				CLANG_CXX_LANGUAGE_STANDARD = "gnu++20";
				CLANG_ENABLE_MODULES = YES;
				CLANG_ENABLE_OBJC_ARC = YES;
				CLANG_ENABLE_OBJC_WEAK = YES;
				CLANG_WARN_BLOCK_CAPTURE_AUTORELEASING = YES;
				CLANG_WARN_BOOL_CONVERSION = YES;
				CLANG_WARN_COMMA = YES;
				CLANG_WARN_CONSTANT_CONVERSION = YES;
				CLANG_WARN_DEPRECATED_OBJC_IMPLEMENTATIONS = YES;
				CLANG_WARN_DIRECT_OBJC_ISA_USAGE = YES_ERROR;
				CLANG_WARN_DOCUMENTATION_COMMENTS = YES;
				CLANG_WARN_EMPTY_BODY = YES;
				CLANG_WARN_ENUM_CONVERSION = YES;
				CLANG_WARN_INFINITE_RECURSION = YES;
				CLANG_WARN_INT_CONVERSION = YES;
				CLANG_WARN_NON_LITERAL_NULL_CONVERSION = YES;
				CLANG_WARN_OBJC_IMPLICIT_RETAIN_SELF = YES;
				CLANG_WARN_OBJC_LITERAL_CONVERSION = YES;
				CLANG_WARN_OBJC_ROOT_CLASS = YES_ERROR;
				CLANG_WARN_QUOTED_INCLUDE_IN_FRAMEWORK_HEADER = YES;
				CLANG_WARN_RANGE_LOOP_ANALYSIS = YES;
				CLANG_WARN_STRICT_PROTOTYPES = YES;
				CLANG_WARN_SUSPICIOUS_MOVE = YES;
				CLANG_WARN_UNGUARDED_AVAILABILITY = YES_AGGRESSIVE;
				CLANG_WARN_UNREACHABLE_CODE = YES;
				CLANG_WARN__DUPLICATE_METHOD_MATCH = YES;
				COPY_PHASE_STRIP = NO;
				DEBUG_INFORMATION_FORMAT = "dwarf-with-dsym";
				ENABLE_NS_ASSERTIONS = NO;
				ENABLE_STRICT_OBJC_MSGSEND = YES;
				ENABLE_USER_SCRIPT_SANDBOXING = YES;
				GCC_C_LANGUAGE_STANDARD = gnu17;
				GCC_NO_COMMON_BLOCKS = YES;
				GCC_WARN_64_TO_32_BIT_CONVERSION = YES;
				GCC_WARN_ABOUT_RETURN_TYPE = YES_ERROR;
				GCC_WARN_UNDECLARED_SELECTOR = YES;
				GCC_WARN_UNINITIALIZED_AUTOS = YES_AGGRESSIVE;
				GCC_WARN_UNUSED_FUNCTION = YES;
				GCC_WARN_UNUSED_VARIABLE = YES;
				IPHONEOS_DEPLOYMENT_TARGET = 17.0;
				LOCALIZATION_PREFERS_STRING_CATALOGS = YES;
				MTL_ENABLE_DEBUG_INFO = NO;
				MTL_FAST_MATH = YES;
				SDKROOT = iphoneos;
				SWIFT_COMPILATION_MODE = wholemodule;
				VALIDATE_PRODUCT = YES;
			};
			name = Release;
		};
		F4DB091B2AE7B14A00C4CA36 /* Debug */ = {
			isa = XCBuildConfiguration;
			buildSettings = {
				ASSETCATALOG_COMPILER_APPICON_NAME = AppIcon;
				ASSETCATALOG_COMPILER_GLOBAL_ACCENT_COLOR_NAME = AccentColor;
				CODE_SIGN_STYLE = Automatic;
				CURRENT_PROJECT_VERSION = 1;
				DEVELOPMENT_TEAM = T6HV9H96Q5;
				GENERATE_INFOPLIST_FILE = YES;
				INFOPLIST_FILE = MyTV/Info.plist;
				INFOPLIST_KEY_LSApplicationCategoryType = "public.app-category.entertainment";
				INFOPLIST_KEY_UIApplicationSupportsIndirectInputEvents = YES;
				INFOPLIST_KEY_UILaunchStoryboardName = LaunchScreen;
				INFOPLIST_KEY_UIMainStoryboardFile = Main;
				INFOPLIST_KEY_UISupportedInterfaceOrientations_iPad = "UIInterfaceOrientationPortrait UIInterfaceOrientationPortraitUpsideDown UIInterfaceOrientationLandscapeLeft UIInterfaceOrientationLandscapeRight";
				INFOPLIST_KEY_UISupportedInterfaceOrientations_iPhone = "UIInterfaceOrientationPortrait UIInterfaceOrientationLandscapeLeft UIInterfaceOrientationLandscapeRight";
				IPHONEOS_DEPLOYMENT_TARGET = 16.0;
				LD_RUNPATH_SEARCH_PATHS = (
					"$(inherited)",
					"@executable_path/Frameworks",
				);
				MARKETING_VERSION = 1.0;
				PRODUCT_BUNDLE_IDENTIFIER = "Rahul-Anand.MyTV";
				PRODUCT_NAME = "$(TARGET_NAME)";
				SWIFT_EMIT_LOC_STRINGS = YES;
				SWIFT_VERSION = 5.0;
				TARGETED_DEVICE_FAMILY = "1,2";
			};
			name = Debug;
		};
		F4DB091C2AE7B14A00C4CA36 /* Release */ = {
			isa = XCBuildConfiguration;
			buildSettings = {
				ASSETCATALOG_COMPILER_APPICON_NAME = AppIcon;
				ASSETCATALOG_COMPILER_GLOBAL_ACCENT_COLOR_NAME = AccentColor;
				CODE_SIGN_STYLE = Automatic;
				CURRENT_PROJECT_VERSION = 1;
				DEVELOPMENT_TEAM = T6HV9H96Q5;
				GENERATE_INFOPLIST_FILE = YES;
				INFOPLIST_FILE = MyTV/Info.plist;
				INFOPLIST_KEY_LSApplicationCategoryType = "public.app-category.entertainment";
				INFOPLIST_KEY_UIApplicationSupportsIndirectInputEvents = YES;
				INFOPLIST_KEY_UILaunchStoryboardName = LaunchScreen;
				INFOPLIST_KEY_UIMainStoryboardFile = Main;
				INFOPLIST_KEY_UISupportedInterfaceOrientations_iPad = "UIInterfaceOrientationPortrait UIInterfaceOrientationPortraitUpsideDown UIInterfaceOrientationLandscapeLeft UIInterfaceOrientationLandscapeRight";
				INFOPLIST_KEY_UISupportedInterfaceOrientations_iPhone = "UIInterfaceOrientationPortrait UIInterfaceOrientationLandscapeLeft UIInterfaceOrientationLandscapeRight";
				IPHONEOS_DEPLOYMENT_TARGET = 16.0;
				LD_RUNPATH_SEARCH_PATHS = (
					"$(inherited)",
					"@executable_path/Frameworks",
				);
				MARKETING_VERSION = 1.0;
				PRODUCT_BUNDLE_IDENTIFIER = "Rahul-Anand.MyTV";
				PRODUCT_NAME = "$(TARGET_NAME)";
				SWIFT_EMIT_LOC_STRINGS = YES;
				SWIFT_VERSION = 5.0;
				TARGETED_DEVICE_FAMILY = "1,2";
			};
			name = Release;
		};
		F4DB091E2AE7B14A00C4CA36 /* Debug */ = {
			isa = XCBuildConfiguration;
			buildSettings = {
				ALWAYS_EMBED_SWIFT_STANDARD_LIBRARIES = YES;
				BUNDLE_LOADER = "$(TEST_HOST)";
				CODE_SIGN_STYLE = Automatic;
				CURRENT_PROJECT_VERSION = 1;
				DEVELOPMENT_TEAM = T6HV9H96Q5;
				GENERATE_INFOPLIST_FILE = YES;
				IPHONEOS_DEPLOYMENT_TARGET = 17.0;
				MARKETING_VERSION = 1.0;
				PRODUCT_BUNDLE_IDENTIFIER = "Rahul-Anand.MyTVTests";
				PRODUCT_NAME = "$(TARGET_NAME)";
				SWIFT_EMIT_LOC_STRINGS = NO;
				SWIFT_VERSION = 5.0;
				TARGETED_DEVICE_FAMILY = "1,2";
				TEST_HOST = "$(BUILT_PRODUCTS_DIR)/MyTV.app/$(BUNDLE_EXECUTABLE_FOLDER_PATH)/MyTV";
			};
			name = Debug;
		};
		F4DB091F2AE7B14A00C4CA36 /* Release */ = {
			isa = XCBuildConfiguration;
			buildSettings = {
				ALWAYS_EMBED_SWIFT_STANDARD_LIBRARIES = YES;
				BUNDLE_LOADER = "$(TEST_HOST)";
				CODE_SIGN_STYLE = Automatic;
				CURRENT_PROJECT_VERSION = 1;
				DEVELOPMENT_TEAM = T6HV9H96Q5;
				GENERATE_INFOPLIST_FILE = YES;
				IPHONEOS_DEPLOYMENT_TARGET = 17.0;
				MARKETING_VERSION = 1.0;
				PRODUCT_BUNDLE_IDENTIFIER = "Rahul-Anand.MyTVTests";
				PRODUCT_NAME = "$(TARGET_NAME)";
				SWIFT_EMIT_LOC_STRINGS = NO;
				SWIFT_VERSION = 5.0;
				TARGETED_DEVICE_FAMILY = "1,2";
				TEST_HOST = "$(BUILT_PRODUCTS_DIR)/MyTV.app/$(BUNDLE_EXECUTABLE_FOLDER_PATH)/MyTV";
			};
			name = Release;
		};
		F4DB09212AE7B14A00C4CA36 /* Debug */ = {
			isa = XCBuildConfiguration;
			buildSettings = {
				ALWAYS_EMBED_SWIFT_STANDARD_LIBRARIES = YES;
				CODE_SIGN_STYLE = Automatic;
				CURRENT_PROJECT_VERSION = 1;
				DEVELOPMENT_TEAM = T6HV9H96Q5;
				GENERATE_INFOPLIST_FILE = YES;
				MARKETING_VERSION = 1.0;
				PRODUCT_BUNDLE_IDENTIFIER = "Rahul-Anand.MyTVUITests";
				PRODUCT_NAME = "$(TARGET_NAME)";
				SWIFT_EMIT_LOC_STRINGS = NO;
				SWIFT_VERSION = 5.0;
				TARGETED_DEVICE_FAMILY = "1,2";
				TEST_TARGET_NAME = MyTV;
			};
			name = Debug;
		};
		F4DB09222AE7B14A00C4CA36 /* Release */ = {
			isa = XCBuildConfiguration;
			buildSettings = {
				ALWAYS_EMBED_SWIFT_STANDARD_LIBRARIES = YES;
				CODE_SIGN_STYLE = Automatic;
				CURRENT_PROJECT_VERSION = 1;
				DEVELOPMENT_TEAM = T6HV9H96Q5;
				GENERATE_INFOPLIST_FILE = YES;
				MARKETING_VERSION = 1.0;
				PRODUCT_BUNDLE_IDENTIFIER = "Rahul-Anand.MyTVUITests";
				PRODUCT_NAME = "$(TARGET_NAME)";
				SWIFT_EMIT_LOC_STRINGS = NO;
				SWIFT_VERSION = 5.0;
				TARGETED_DEVICE_FAMILY = "1,2";
				TEST_TARGET_NAME = MyTV;
			};
			name = Release;
		};
/* End XCBuildConfiguration section */

/* Begin XCConfigurationList section */
		F4DB08EB2AE7B14600C4CA36 /* Build configuration list for PBXProject "MyTV" */ = {
			isa = XCConfigurationList;
			buildConfigurations = (
				F4DB09182AE7B14A00C4CA36 /* Debug */,
				F4DB09192AE7B14A00C4CA36 /* Release */,
			);
			defaultConfigurationIsVisible = 0;
			defaultConfigurationName = Release;
		};
		F4DB091A2AE7B14A00C4CA36 /* Build configuration list for PBXNativeTarget "MyTV" */ = {
			isa = XCConfigurationList;
			buildConfigurations = (
				F4DB091B2AE7B14A00C4CA36 /* Debug */,
				F4DB091C2AE7B14A00C4CA36 /* Release */,
			);
			defaultConfigurationIsVisible = 0;
			defaultConfigurationName = Release;
		};
		F4DB091D2AE7B14A00C4CA36 /* Build configuration list for PBXNativeTarget "MyTVTests" */ = {
			isa = XCConfigurationList;
			buildConfigurations = (
				F4DB091E2AE7B14A00C4CA36 /* Debug */,
				F4DB091F2AE7B14A00C4CA36 /* Release */,
			);
			defaultConfigurationIsVisible = 0;
			defaultConfigurationName = Release;
		};
		F4DB09202AE7B14A00C4CA36 /* Build configuration list for PBXNativeTarget "MyTVUITests" */ = {
			isa = XCConfigurationList;
			buildConfigurations = (
				F4DB09212AE7B14A00C4CA36 /* Debug */,
				F4DB09222AE7B14A00C4CA36 /* Release */,
			);
			defaultConfigurationIsVisible = 0;
			defaultConfigurationName = Release;
		};
/* End XCConfigurationList section */
	};
	rootObject = F4DB08E82AE7B14600C4CA36 /* Project object */;
}
